
Microsoft Visual Studio Solution File, Format Version 12.00
# Visual Studio Version 16
VisualStudioVersion = 16.0.31613.86
MinimumVisualStudioVersion = 10.0.40219.1
Project("{FAE04EC0-301F-11D3-BF4B-00C04F79EFBC}") = "NFSProStreetRPC", "NFSProStreetRPC\NFSProStreetRPC.csproj", "{F816F9D6-E7BC-416D-9735-F8746BFDD80F}"
EndProject
Global
	GlobalSection(SolutionConfigurationPlatforms) = preSolution
		Debug|Any CPU = Debug|Any CPU
		Release|Any CPU = Release|Any CPU
	EndGlobalSection
	GlobalSection(ProjectConfigurationPlatforms) = postSolution
		{F816F9D6-E7BC-416D-9735-F8746BFDD80F}.Debug|Any CPU.ActiveCfg = Debug|Any CPU
		{F816F9D6-E7BC-416D-9735-F8746BFDD80F}.Debug|Any CPU.Build.0 = Debug|Any CPU
		{F816F9D6-E7BC-416D-9735-F8746BFDD80F}.Release|Any CPU.ActiveCfg = Release|Any CPU
		{F816F9D6-E7BC-416D-9735-F8746BFDD80F}.Release|Any CPU.Build.0 = Release|Any CPU
	EndGlobalSection
	GlobalSection(SolutionProperties) = preSolution
		HideSolutionNode = FALSE
	EndGlobalSection
	GlobalSection(ExtensibilityGlobals) = postSolution
		SolutionGuid = {B6935FBC-2036-431D-A1E1-C0DA8F4A2B32}
	EndGlobalSection
EndGlobal
